Microsoft Visual Studio Solution File, Format Version 12.00
# Visual Studio Version 17
VisualStudioVersion = 17.0.31410.414
MinimumVisualStudioVersion = 10.0.40219.1
Project("{9A19103F-16F7-4668-BE54-9A1E7A4F7556}") = "Demo.DDD.WithEFCore", "Demo.DDD.WithEFCore\Demo.DDD.WithEFCore.csproj", "{262233D0-2B97-4E88-A792-6114391B9DB1}"
EndProject
Project("{9A19103F-16F7-4668-BE54-9A1E7A4F7556}") = "Demo.DDD.WithEFCore.UnitTest", "Demo.DDD.WithEFCore.UnitTest\Demo.DDD.WithEFCore.UnitTest.csproj", "{426B0823-6298-4EA8-BEC0-619299943FEA}"
EndProject
Project("{9A19103F-16F7-4668-BE54-9A1E7A4F7556}") = "Demo.DDD.WithEFCore.API", "Demo.DDD.WithEFCore.API\Demo.DDD.WithEFCore.API.csproj", "{44921721-D3D2-4618-8B46-849E39CB0DAC}"
EndProject
Project("{2150E333-8FDC-42A3-9474-1A3956D46DE8}") = "Solution Items", "Solution Items", "{6DDBF6B8-CCAC-4F8C-8253-D89A527A692D}"
	ProjectSection(SolutionItems) = preProject
		.gitignore = .gitignore
		README.md = README.md
	EndProjectSection
EndProject
Project("{9A19103F-16F7-4668-BE54-9A1E7A4F7556}") = "Demo.DDD.WithEFCore.IntegrationTest", "Demo.DDD.WithEFCore.IntegrationTest\Demo.DDD.WithEFCore.IntegrationTest.csproj", "{CCBC1B59-97E6-4FA7-9D88-8B97BEF6B33D}"
EndProject
Project("{2150E333-8FDC-42A3-9474-1A3956D46DE8}") = "Tests", "Tests", "{8CC0E5C5-71B1-4D70-8B19-502EBBE1A7E9}"
EndProject
Global
	GlobalSection(SolutionConfigurationPlatforms) = preSolution
		Debug|Any CPU = Debug|Any CPU
		Release|Any CPU = Release|Any CPU
	EndGlobalSection
	GlobalSection(ProjectConfigurationPlatforms) = postSolution
		{262233D0-2B97-4E88-A792-6114391B9DB1}.Debug|Any CPU.ActiveCfg = Debug|Any CPU
		{262233D0-2B97-4E88-A792-6114391B9DB1}.Debug|Any CPU.Build.0 = Debug|Any CPU
		{262233D0-2B97-4E88-A792-6114391B9DB1}.Release|Any CPU.ActiveCfg = Release|Any CPU
		{262233D0-2B97-4E88-A792-6114391B9DB1}.Release|Any CPU.Build.0 = Release|Any CPU
		{426B0823-6298-4EA8-BEC0-619299943FEA}.Debug|Any CPU.ActiveCfg = Debug|Any CPU
		{426B0823-6298-4EA8-BEC0-619299943FEA}.Debug|Any CPU.Build.0 = Debug|Any CPU
		{426B0823-6298-4EA8-BEC0-619299943FEA}.Release|Any CPU.ActiveCfg = Release|Any CPU
		{426B0823-6298-4EA8-BEC0-619299943FEA}.Release|Any CPU.Build.0 = Release|Any CPU
		{44921721-D3D2-4618-8B46-849E39CB0DAC}.Debug|Any CPU.ActiveCfg = Debug|Any CPU
		{44921721-D3D2-4618-8B46-849E39CB0DAC}.Debug|Any CPU.Build.0 = Debug|Any CPU
		{44921721-D3D2-4618-8B46-849E39CB0DAC}.Release|Any CPU.ActiveCfg = Release|Any CPU
		{44921721-D3D2-4618-8B46-849E39CB0DAC}.Release|Any CPU.Build.0 = Release|Any CPU
		{CCBC1B59-97E6-4FA7-9D88-8B97BEF6B33D}.Debug|Any CPU.ActiveCfg = Debug|Any CPU
		{CCBC1B59-97E6-4FA7-9D88-8B97BEF6B33D}.Debug|Any CPU.Build.0 = Debug|Any CPU
		{CCBC1B59-97E6-4FA7-9D88-8B97BEF6B33D}.Release|Any CPU.ActiveCfg = Release|Any CPU
		{CCBC1B59-97E6-4FA7-9D88-8B97BEF6B33D}.Release|Any CPU.Build.0 = Release|Any CPU
	EndGlobalSection
	GlobalSection(SolutionProperties) = preSolution
		HideSolutionNode = FALSE
	EndGlobalSection
	GlobalSection(NestedProjects) = preSolution
		{426B0823-6298-4EA8-BEC0-619299943FEA} = {8CC0E5C5-71B1-4D70-8B19-502EBBE1A7E9}
		{CCBC1B59-97E6-4FA7-9D88-8B97BEF6B33D} = {8CC0E5C5-71B1-4D70-8B19-502EBBE1A7E9}
	EndGlobalSection
	GlobalSection(ExtensibilityGlobals) = postSolution
		SolutionGuid = {6366A09E-4D55-46B5-BDF8-88DCE233B2C5}
	EndGlobalSection
EndGlobal
